// !$*UTF8*$!
{
	archiveVersion = 1;
	classes = {
	};
	objectVersion = 46;
	objects = {

/* Begin PBXBuildFile section */
		B66CEF4A1760DA8400F6514C /* ViewController.m in Sources */ = {isa = PBXBuildFile; fileRef = B66CEF491760DA8400F6514C /* ViewController.m */; };
		B67BE79C176606BE005ACA84 /* ViewController.m in Sources */ = {isa = PBXBuildFile; fileRef = B66CEF491760DA8400F6514C /* ViewController.m */; };
		B67BE79E176609B6005ACA84 /* BachelorG.plist in Resources */ = {isa = PBXBuildFile; fileRef = B67BE79D176609B6005ACA84 /* BachelorG.plist */; };
		B67BE7A017660B71005ACA84 /* module.plist in Resources */ = {isa = PBXBuildFile; fileRef = B67BE79F17660B71005ACA84 /* module.plist */; };
		B69B8767175A7AA900EDBD98 /* PopoverViewController.m in Sources */ = {isa = PBXBuildFile; fileRef = B69B8766175A7AA800EDBD98 /* PopoverViewController.m */; };
		B6E88B2B17574F1800023621 /* UIKit.framework in Frameworks */ = {isa = PBXBuildFile; fileRef = B6E88B2A17574F1800023621 /* UIKit.framework */; };
		B6E88B2D17574F1800023621 /* Foundation.framework in Frameworks */ = {isa = PBXBuildFile; fileRef = B6E88B2C17574F1800023621 /* Foundation.framework */; };
		B6E88B2F17574F1800023621 /* CoreGraphics.framework in Frameworks */ = {isa = PBXBuildFile; fileRef = B6E88B2E17574F1800023621 /* CoreGraphics.framework */; };
		B6E88B3517574F1800023621 /* InfoPlist.strings in Resources */ = {isa = PBXBuildFile; fileRef = B6E88B3317574F1800023621 /* InfoPlist.strings */; };
		B6E88B3717574F1800023621 /* main.m in Sources */ = {isa = PBXBuildFile; fileRef = B6E88B3617574F1800023621 /* main.m */; };
		B6E88B3B17574F1800023621 /* AppDelegate.m in Sources */ = {isa = PBXBuildFile; fileRef = B6E88B3A17574F1800023621 /* AppDelegate.m */; };
		B6E88B3D17574F1800023621 /* Default.png in Resources */ = {isa = PBXBuildFile; fileRef = B6E88B3C17574F1800023621 /* Default.png */; };
		B6E88B3F17574F1800023621 /* Default@2x.png in Resources */ = {isa = PBXBuildFile; fileRef = B6E88B3E17574F1800023621 /* Default@2x.png */; };
		B6E88B4117574F1800023621 /* Default-568h@2x.png in Resources */ = {isa = PBXBuildFile; fileRef = B6E88B4017574F1800023621 /* Default-568h@2x.png */; };
		B6E88B4417574F1800023621 /* MainStoryboard.storyboard in Resources */ = {isa = PBXBuildFile; fileRef = B6E88B4217574F1800023621 /* MainStoryboard.storyboard */; };
		B6E88B641757510B00023621 /* FPPopoverController.m in Sources */ = {isa = PBXBuildFile; fileRef = B6E88B5F1757510B00023621 /* FPPopoverController.m */; };
		B6E88B651757510B00023621 /* FPPopoverView.m in Sources */ = {isa = PBXBuildFile; fileRef = B6E88B611757510B00023621 /* FPPopoverView.m */; };
		B6E88B661757510B00023621 /* FPTouchView.m in Sources */ = {isa = PBXBuildFile; fileRef = B6E88B631757510B00023621 /* FPTouchView.m */; };
		B6E88B6C1757513700023621 /* Foundation.framework in Frameworks */ = {isa = PBXBuildFile; fileRef = B6E88B2C17574F1800023621 /* Foundation.framework */; };
		B6E88B711757513700023621 /* FPPopover.h in CopyFiles */ = {isa = PBXBuildFile; fileRef = B6E88B701757513700023621 /* FPPopover.h */; };
		B6E88B731757513700023621 /* FPPopover.m in Sources */ = {isa = PBXBuildFile; fileRef = B6E88B721757513700023621 /* FPPopover.m */; };
		B6E88B781757569F00023621 /* Cell.xib in Resources */ = {isa = PBXBuildFile; fileRef = B6E88B771757569F00023621 /* Cell.xib */; };
		B6E88B7B1757594800023621 /* cvCell.m in Sources */ = {isa = PBXBuildFile; fileRef = B6E88B7A1757594800023621 /* cvCell.m */; };
		B6E88B7E175761E800023621 /* semesterHeader.m in Sources */ = {isa = PBXBuildFile; fileRef = B6E88B7D175761E800023621 /* semesterHeader.m */; };
/* End PBXBuildFile section */

/* Begin PBXCopyFilesBuildPhase section */
		B6E88B691757513700023621 /* CopyFiles */ = {
			isa = PBXCopyFilesBuildPhase;
			buildActionMask = 2147483647;
			dstPath = "include/${PRODUCT_NAME}";
			dstSubfolderSpec = 16;
			files = (
				B6E88B711757513700023621 /* FPPopover.h in CopyFiles */,
			);
			runOnlyForDeploymentPostprocessing = 0;
		};
/* End PBXCopyFilesBuildPhase section */

/* Begin PBXFileReference section */
		B66CEF491760DA8400F6514C /* ViewController.m */ = {isa = PBXFileReference; fileEncoding = 4; lastKnownFileType = sourcecode.c.objc; path = ViewController.m; sourceTree = "<group>"; };
		B67BE79D176609B6005ACA84 /* BachelorG.plist */ = {isa = PBXFileReference; fileEncoding = 4; lastKnownFileType = text.plist.xml; path = BachelorG.plist; sourceTree = "<group>"; };
		B67BE79F17660B71005ACA84 /* module.plist */ = {isa = PBXFileReference; fileEncoding = 4; lastKnownFileType = text.plist.xml; path = module.plist; sourceTree = "<group>"; };
		B69B8765175A7AA800EDBD98 /* PopoverViewController.h */ = {isa = PBXFileReference; fileEncoding = 4; lastKnownFileType = sourcecode.c.h; path = PopoverViewController.h; sourceTree = "<group>"; };
		B69B8766175A7AA800EDBD98 /* PopoverViewController.m */ = {isa = PBXFileReference; fileEncoding = 4; lastKnownFileType = sourcecode.c.objc; path = PopoverViewController.m; sourceTree = "<group>"; };
		B6E88B2717574F1800023621 /* PEM.app */ = {isa = PBXFileReference; explicitFileType = wrapper.application; includeInIndex = 0; path = PEM.app; sourceTree = BUILT_PRODUCTS_DIR; };
		B6E88B2A17574F1800023621 /* UIKit.framework */ = {isa = PBXFileReference; lastKnownFileType = wrapper.framework; name = UIKit.framework; path = System/Library/Frameworks/UIKit.framework; sourceTree = SDKROOT; };
		B6E88B2C17574F1800023621 /* Foundation.framework */ = {isa = PBXFileReference; lastKnownFileType = wrapper.framework; name = Foundation.framework; path = System/Library/Frameworks/Foundation.framework; sourceTree = SDKROOT; };
		B6E88B2E17574F1800023621 /* CoreGraphics.framework */ = {isa = PBXFileReference; lastKnownFileType = wrapper.framework; name = CoreGraphics.framework; path = System/Library/Frameworks/CoreGraphics.framework; sourceTree = SDKROOT; };
		B6E88B3217574F1800023621 /* PEM-Info.plist */ = {isa = PBXFileReference; lastKnownFileType = text.plist.xml; path = "PEM-Info.plist"; sourceTree = "<group>"; };
		B6E88B3417574F1800023621 /* en */ = {isa = PBXFileReference; lastKnownFileType = text.plist.strings; name = en; path = en.lproj/InfoPlist.strings; sourceTree = "<group>"; };
		B6E88B3617574F1800023621 /* main.m */ = {isa = PBXFileReference; lastKnownFileType = sourcecode.c.objc; path = main.m; sourceTree = "<group>"; };
		B6E88B3817574F1800023621 /* PEM-Prefix.pch */ = {isa = PBXFileReference; lastKnownFileType = sourcecode.c.h; path = "PEM-Prefix.pch"; sourceTree = "<group>"; };
		B6E88B3917574F1800023621 /* AppDelegate.h */ = {isa = PBXFileReference; lastKnownFileType = sourcecode.c.h; path = AppDelegate.h; sourceTree = "<group>"; };
		B6E88B3A17574F1800023621 /* AppDelegate.m */ = {isa = PBXFileReference; lastKnownFileType = sourcecode.c.objc; path = AppDelegate.m; sourceTree = "<group>"; };
		B6E88B3C17574F1800023621 /* Default.png */ = {isa = PBXFileReference; lastKnownFileType = image.png; path = Default.png; sourceTree = "<group>"; };
		B6E88B3E17574F1800023621 /* Default@2x.png */ = {isa = PBXFileReference; lastKnownFileType = image.png; path = "Default@2x.png"; sourceTree = "<group>"; };
		B6E88B4017574F1800023621 /* Default-568h@2x.png */ = {isa = PBXFileReference; lastKnownFileType = image.png; path = "Default-568h@2x.png"; sourceTree = "<group>"; };
		B6E88B4317574F1800023621 /* en */ = {isa = PBXFileReference; lastKnownFileType = file.storyboard; name = en; path = en.lproj/MainStoryboard.storyboard; sourceTree = "<group>"; };
		B6E88B4517574F1800023621 /* ViewController.h */ = {isa = PBXFileReference; lastKnownFileType = sourcecode.c.h; path = ViewController.h; sourceTree = "<group>"; };
		B6E88B5D1757510B00023621 /* ARCMacros.h */ = {isa = PBXFileReference; fileEncoding = 4; lastKnownFileType = sourcecode.c.h; name = ARCMacros.h; path = "../../../../Downloads/FPPopover-master/ARCMacros.h"; sourceTree = "<group>"; };
		B6E88B5E1757510B00023621 /* FPPopoverController.h */ = {isa = PBXFileReference; fileEncoding = 4; lastKnownFileType = sourcecode.c.h; name = FPPopoverController.h; path = "../../../../Downloads/FPPopover-master/FPPopoverController.h"; sourceTree = "<group>"; };
		B6E88B5F1757510B00023621 /* FPPopoverController.m */ = {isa = PBXFileReference; fileEncoding = 4; lastKnownFileType = sourcecode.c.objc; name = FPPopoverController.m; path = "../../../../Downloads/FPPopover-master/FPPopoverController.m"; sourceTree = "<group>"; };
		B6E88B601757510B00023621 /* FPPopoverView.h */ = {isa = PBXFileReference; fileEncoding = 4; lastKnownFileType = sourcecode.c.h; name = FPPopoverView.h; path = "../../../../Downloads/FPPopover-master/FPPopoverView.h"; sourceTree = "<group>"; };
		B6E88B611757510B00023621 /* FPPopoverView.m */ = {isa = PBXFileReference; fileEncoding = 4; lastKnownFileType = sourcecode.c.objc; name = FPPopoverView.m; path = "../../../../Downloads/FPPopover-master/FPPopoverView.m"; sourceTree = "<group>"; };
		B6E88B621757510B00023621 /* FPTouchView.h */ = {isa = PBXFileReference; fileEncoding = 4; lastKnownFileType = sourcecode.c.h; name = FPTouchView.h; path = "../../../../Downloads/FPPopover-master/FPTouchView.h"; sourceTree = "<group>"; };
		B6E88B631757510B00023621 /* FPTouchView.m */ = {isa = PBXFileReference; fileEncoding = 4; lastKnownFileType = sourcecode.c.objc; name = FPTouchView.m; path = "../../../../Downloads/FPPopover-master/FPTouchView.m"; sourceTree = "<group>"; };
		B6E88B6B1757513700023621 /* libFPPopover.a */ = {isa = PBXFileReference; explicitFileType = archive.ar; includeInIndex = 0; path = libFPPopover.a; sourceTree = BUILT_PRODUCTS_DIR; };
		B6E88B6F1757513700023621 /* FPPopover-Prefix.pch */ = {isa = PBXFileReference; lastKnownFileType = sourcecode.c.h; path = "FPPopover-Prefix.pch"; sourceTree = "<group>"; };
		B6E88B701757513700023621 /* FPPopover.h */ = {isa = PBXFileReference; lastKnownFileType = sourcecode.c.h; path = FPPopover.h; sourceTree = "<group>"; };
		B6E88B721757513700023621 /* FPPopover.m */ = {isa = PBXFileReference; lastKnownFileType = sourcecode.c.objc; path = FPPopover.m; sourceTree = "<group>"; };
		B6E88B771757569F00023621 /* Cell.xib */ = {isa = PBXFileReference; fileEncoding = 4; lastKnownFileType = file.xib; path = Cell.xib; sourceTree = "<group>"; };
		B6E88B791757594800023621 /* cvCell.h */ = {isa = PBXFileReference; fileEncoding = 4; lastKnownFileType = sourcecode.c.h; path = cvCell.h; sourceTree = "<group>"; };
		B6E88B7A1757594800023621 /* cvCell.m */ = {isa = PBXFileReference; fileEncoding = 4; lastKnownFileType = sourcecode.c.objc; path = cvCell.m; sourceTree = "<group>"; };
		B6E88B7C175761E800023621 /* semesterHeader.h */ = {isa = PBXFileReference; fileEncoding = 4; lastKnownFileType = sourcecode.c.h; path = semesterHeader.h; sourceTree = "<group>"; };
		B6E88B7D175761E800023621 /* semesterHeader.m */ = {isa = PBXFileReference; fileEncoding = 4; lastKnownFileType = sourcecode.c.objc; path = semesterHeader.m; sourceTree = "<group>"; };
/* End PBXFileReference section */

/* Begin PBXFrameworksBuildPhase section */
		B6E88B2417574F1800023621 /* Frameworks */ = {
			isa = PBXFrameworksBuildPhase;
			buildActionMask = 2147483647;
			files = (
				B6E88B2B17574F1800023621 /* UIKit.framework in Frameworks */,
				B6E88B2D17574F1800023621 /* Foundation.framework in Frameworks */,
				B6E88B2F17574F1800023621 /* CoreGraphics.framework in Frameworks */,
			);
			runOnlyForDeploymentPostprocessing = 0;
		};
		B6E88B681757513700023621 /* Frameworks */ = {
			isa = PBXFrameworksBuildPhase;
			buildActionMask = 2147483647;
			files = (
				B6E88B6C1757513700023621 /* Foundation.framework in Frameworks */,
			);
			runOnlyForDeploymentPostprocessing = 0;
		};
/* End PBXFrameworksBuildPhase section */

/* Begin PBXGroup section */
		B6E88B1E17574F1800023621 = {
			isa = PBXGroup;
			children = (
				B6E88B3017574F1800023621 /* PEM */,
				B6E88B6D1757513700023621 /* FPPopover */,
				B6E88B2917574F1800023621 /* Frameworks */,
				B6E88B2817574F1800023621 /* Products */,
			);
			sourceTree = "<group>";
		};
		B6E88B2817574F1800023621 /* Products */ = {
			isa = PBXGroup;
			children = (
				B6E88B2717574F1800023621 /* PEM.app */,
				B6E88B6B1757513700023621 /* libFPPopover.a */,
			);
			name = Products;
			sourceTree = "<group>";
		};
		B6E88B2917574F1800023621 /* Frameworks */ = {
			isa = PBXGroup;
			children = (
				B6E88B2A17574F1800023621 /* UIKit.framework */,
				B6E88B2C17574F1800023621 /* Foundation.framework */,
				B6E88B2E17574F1800023621 /* CoreGraphics.framework */,
			);
			name = Frameworks;
			sourceTree = "<group>";
		};
		B6E88B3017574F1800023621 /* PEM */ = {
			isa = PBXGroup;
			children = (
				B66CEF491760DA8400F6514C /* ViewController.m */,
				B6E88B7C175761E800023621 /* semesterHeader.h */,
				B6E88B7D175761E800023621 /* semesterHeader.m */,
				B6E88B3917574F1800023621 /* AppDelegate.h */,
				B6E88B3A17574F1800023621 /* AppDelegate.m */,
				B6E88B4217574F1800023621 /* MainStoryboard.storyboard */,
				B6E88B4517574F1800023621 /* ViewController.h */,
				B6E88B3117574F1800023621 /* Supporting Files */,
				B6E88B771757569F00023621 /* Cell.xib */,
				B6E88B791757594800023621 /* cvCell.h */,
				B6E88B7A1757594800023621 /* cvCell.m */,
				B69B8765175A7AA800EDBD98 /* PopoverViewController.h */,
				B69B8766175A7AA800EDBD98 /* PopoverViewController.m */,
				B67BE79D176609B6005ACA84 /* BachelorG.plist */,
				B67BE79F17660B71005ACA84 /* module.plist */,
			);
			path = PEM;
			sourceTree = "<group>";
		};
		B6E88B3117574F1800023621 /* Supporting Files */ = {
			isa = PBXGroup;
			children = (
				B6E88B3217574F1800023621 /* PEM-Info.plist */,
				B6E88B3317574F1800023621 /* InfoPlist.strings */,
				B6E88B3617574F1800023621 /* main.m */,
				B6E88B3817574F1800023621 /* PEM-Prefix.pch */,
				B6E88B3C17574F1800023621 /* Default.png */,
				B6E88B3E17574F1800023621 /* Default@2x.png */,
				B6E88B4017574F1800023621 /* Default-568h@2x.png */,
			);
			name = "Supporting Files";
			sourceTree = "<group>";
		};
		B6E88B6D1757513700023621 /* FPPopover */ = {
			isa = PBXGroup;
			children = (
				B6E88B5D1757510B00023621 /* ARCMacros.h */,
				B6E88B5E1757510B00023621 /* FPPopoverController.h */,
				B6E88B5F1757510B00023621 /* FPPopoverController.m */,
				B6E88B601757510B00023621 /* FPPopoverView.h */,
				B6E88B611757510B00023621 /* FPPopoverView.m */,
				B6E88B621757510B00023621 /* FPTouchView.h */,
				B6E88B631757510B00023621 /* FPTouchView.m */,
				B6E88B701757513700023621 /* FPPopover.h */,
				B6E88B721757513700023621 /* FPPopover.m */,
				B6E88B6E1757513700023621 /* Supporting Files */,
			);
			path = FPPopover;
			sourceTree = "<group>";
		};
		B6E88B6E1757513700023621 /* Supporting Files */ = {
			isa = PBXGroup;
			children = (
				B6E88B6F1757513700023621 /* FPPopover-Prefix.pch */,
			);
			name = "Supporting Files";
			sourceTree = "<group>";
		};
/* End PBXGroup section */

/* Begin PBXNativeTarget section */
		B6E88B2617574F1800023621 /* PEM */ = {
			isa = PBXNativeTarget;
			buildConfigurationList = B6E88B4A17574F1800023621 /* Build configuration list for PBXNativeTarget "PEM" */;
			buildPhases = (
				B6E88B2317574F1800023621 /* Sources */,
				B6E88B2417574F1800023621 /* Frameworks */,
				B6E88B2517574F1800023621 /* Resources */,
			);
			buildRules = (
			);
			dependencies = (
			);
			name = PEM;
			productName = PEM;
			productReference = B6E88B2717574F1800023621 /* PEM.app */;
			productType = "com.apple.product-type.application";
		};
		B6E88B6A1757513700023621 /* FPPopover */ = {
			isa = PBXNativeTarget;
			buildConfigurationList = B6E88B741757513700023621 /* Build configuration list for PBXNativeTarget "FPPopover" */;
			buildPhases = (
				B6E88B671757513700023621 /* Sources */,
				B6E88B681757513700023621 /* Frameworks */,
				B6E88B691757513700023621 /* CopyFiles */,
			);
			buildRules = (
			);
			dependencies = (
			);
			name = FPPopover;
			productName = FPPopover;
			productReference = B6E88B6B1757513700023621 /* libFPPopover.a */;
			productType = "com.apple.product-type.library.static";
		};
/* End PBXNativeTarget section */

/* Begin PBXProject section */
		B6E88B1F17574F1800023621 /* Project object */ = {
			isa = PBXProject;
			attributes = {
				LastUpgradeCheck = 0460;
				ORGANIZATIONNAME = "Sandra Zollner";
			};
			buildConfigurationList = B6E88B2217574F1800023621 /* Build configuration list for PBXProject "PEM" */;
			compatibilityVersion = "Xcode 3.2";
			developmentRegion = English;
			hasScannedForEncodings = 0;
			knownRegions = (
				en,
			);
			mainGroup = B6E88B1E17574F1800023621;
			productRefGroup = B6E88B2817574F1800023621 /* Products */;
			projectDirPath = "";
			projectRoot = "";
			targets = (
				B6E88B2617574F1800023621 /* PEM */,
				B6E88B6A1757513700023621 /* FPPopover */,
			);
		};
/* End PBXProject section */

/* Begin PBXResourcesBuildPhase section */
		B6E88B2517574F1800023621 /* Resources */ = {
			isa = PBXResourcesBuildPhase;
			buildActionMask = 2147483647;
			files = (
				B6E88B3517574F1800023621 /* InfoPlist.strings in Resources */,
				B6E88B3D17574F1800023621 /* Default.png in Resources */,
				B6E88B3F17574F1800023621 /* Default@2x.png in Resources */,
				B6E88B4117574F1800023621 /* Default-568h@2x.png in Resources */,
				B6E88B4417574F1800023621 /* MainStoryboard.storyboard in Resources */,
				B6E88B781757569F00023621 /* Cell.xib in Resources */,
				B67BE79E176609B6005ACA84 /* BachelorG.plist in Resources */,
				B67BE7A017660B71005ACA84 /* module.plist in Resources */,
			);
			runOnlyForDeploymentPostprocessing = 0;
		};
/* End PBXResourcesBuildPhase section */

/* Begin PBXSourcesBuildPhase section */
		B6E88B2317574F1800023621 /* Sources */ = {
			isa = PBXSourcesBuildPhase;
			buildActionMask = 2147483647;
			files = (
				B6E88B3717574F1800023621 /* main.m in Sources */,
				B6E88B3B17574F1800023621 /* AppDelegate.m in Sources */,
				B6E88B641757510B00023621 /* FPPopoverController.m in Sources */,
				B6E88B651757510B00023621 /* FPPopoverView.m in Sources */,
				B6E88B661757510B00023621 /* FPTouchView.m in Sources */,
				B6E88B7B1757594800023621 /* cvCell.m in Sources */,
				B6E88B7E175761E800023621 /* semesterHeader.m in Sources */,
				B69B8767175A7AA900EDBD98 /* PopoverViewController.m in Sources */,
				B66CEF4A1760DA8400F6514C /* ViewController.m in Sources */,
			);
			runOnlyForDeploymentPostprocessing = 0;
		};
		B6E88B671757513700023621 /* Sources */ = {
			isa = PBXSourcesBuildPhase;
			buildActionMask = 2147483647;
			files = (
				B6E88B731757513700023621 /* FPPopover.m in Sources */,
				B67BE79C176606BE005ACA84 /* ViewController.m in Sources */,
			);
			runOnlyForDeploymentPostprocessing = 0;
		};
/* End PBXSourcesBuildPhase section */

/* Begin PBXVariantGroup section */
		B6E88B3317574F1800023621 /* InfoPlist.strings */ = {
			isa = PBXVariantGroup;
			children = (
				B6E88B3417574F1800023621 /* en */,
			);
			name = InfoPlist.strings;
			sourceTree = "<group>";
		};
		B6E88B4217574F1800023621 /* MainStoryboard.storyboard */ = {
			isa = PBXVariantGroup;
			children = (
				B6E88B4317574F1800023621 /* en */,
			);
			name = MainStoryboard.storyboard;
			sourceTree = "<group>";
		};
/* End PBXVariantGroup section */

/* Begin XCBuildConfiguration section */
		B6E88B4817574F1800023621 /* Debug */ = {
			isa = XCBuildConfiguration;
			buildSettings = {
				ALWAYS_SEARCH_USER_PATHS = NO;
				CLANG_CXX_LANGUAGE_STANDARD = "gnu++0x";
				CLANG_CXX_LIBRARY = "libc++";
				CLANG_ENABLE_OBJC_ARC = YES;
				CLANG_WARN_CONSTANT_CONVERSION = YES;
				CLANG_WARN_EMPTY_BODY = YES;
				CLANG_WARN_ENUM_CONVERSION = YES;
				CLANG_WARN_INT_CONVERSION = YES;
				CLANG_WARN__DUPLICATE_METHOD_MATCH = YES;
				"CODE_SIGN_IDENTITY[sdk=iphoneos*]" = "iPhone Developer";
				COPY_PHASE_STRIP = NO;
				GCC_C_LANGUAGE_STANDARD = gnu99;
				GCC_DYNAMIC_NO_PIC = NO;
				GCC_OPTIMIZATION_LEVEL = 0;
				GCC_PREPROCESSOR_DEFINITIONS = (
					"DEBUG=1",
					"$(inherited)",
				);
				GCC_SYMBOLS_PRIVATE_EXTERN = NO;
				GCC_WARN_ABOUT_RETURN_TYPE = YES;
				GCC_WARN_UNINITIALIZED_AUTOS = YES;
				GCC_WARN_UNUSED_VARIABLE = YES;
				IPHONEOS_DEPLOYMENT_TARGET = 6.1;
				ONLY_ACTIVE_ARCH = YES;
				SDKROOT = iphoneos;
			};
			name = Debug;
		};
		B6E88B4917574F1800023621 /* Release */ = {
			isa = XCBuildConfiguration;
			buildSettings = {
				ALWAYS_SEARCH_USER_PATHS = NO;
				CLANG_CXX_LANGUAGE_STANDARD = "gnu++0x";
				CLANG_CXX_LIBRARY = "libc++";
				CLANG_ENABLE_OBJC_ARC = YES;
				CLANG_WARN_CONSTANT_CONVERSION = YES;
				CLANG_WARN_EMPTY_BODY = YES;
				CLANG_WARN_ENUM_CONVERSION = YES;
				CLANG_WARN_INT_CONVERSION = YES;
				CLANG_WARN__DUPLICATE_METHOD_MATCH = YES;
				"CODE_SIGN_IDENTITY[sdk=iphoneos*]" = "iPhone Developer";
				COPY_PHASE_STRIP = YES;
				GCC_C_LANGUAGE_STANDARD = gnu99;
				GCC_WARN_ABOUT_RETURN_TYPE = YES;
				GCC_WARN_UNINITIALIZED_AUTOS = YES;
				GCC_WARN_UNUSED_VARIABLE = YES;
				IPHONEOS_DEPLOYMENT_TARGET = 6.1;
				OTHER_CFLAGS = "-DNS_BLOCK_ASSERTIONS=1";
				SDKROOT = iphoneos;
				VALIDATE_PRODUCT = YES;
			};
			name = Release;
		};
		B6E88B4B17574F1800023621 /* Debug */ = {
			isa = XCBuildConfiguration;
			buildSettings = {
				GCC_PRECOMPILE_PREFIX_HEADER = YES;
				GCC_PREFIX_HEADER = "PEM/PEM-Prefix.pch";
				INFOPLIST_FILE = "PEM/PEM-Info.plist";
				PRODUCT_NAME = "$(TARGET_NAME)";
				WRAPPER_EXTENSION = app;
			};
			name = Debug;
		};
		B6E88B4C17574F1800023621 /* Release */ = {
			isa = XCBuildConfiguration;
			buildSettings = {
				GCC_PRECOMPILE_PREFIX_HEADER = YES;
				GCC_PREFIX_HEADER = "PEM/PEM-Prefix.pch";
				INFOPLIST_FILE = "PEM/PEM-Info.plist";
				PRODUCT_NAME = "$(TARGET_NAME)";
				WRAPPER_EXTENSION = app;
			};
			name = Release;
		};
		B6E88B751757513700023621 /* Debug */ = {
			isa = XCBuildConfiguration;
			buildSettings = {
				DSTROOT = /tmp/FPPopover.dst;
				GCC_PRECOMPILE_PREFIX_HEADER = YES;
				GCC_PREFIX_HEADER = "FPPopover/FPPopover-Prefix.pch";
				OTHER_LDFLAGS = "-ObjC";
				PRODUCT_NAME = "$(TARGET_NAME)";
				SKIP_INSTALL = YES;
			};
			name = Debug;
		};
		B6E88B761757513700023621 /* Release */ = {
			isa = XCBuildConfiguration;
			buildSettings = {
				DSTROOT = /tmp/FPPopover.dst;
				GCC_PRECOMPILE_PREFIX_HEADER = YES;
				GCC_PREFIX_HEADER = "FPPopover/FPPopover-Prefix.pch";
				OTHER_LDFLAGS = "-ObjC";
				PRODUCT_NAME = "$(TARGET_NAME)";
				SKIP_INSTALL = YES;
			};
			name = Release;
		};
/* End XCBuildConfiguration section */

/* Begin XCConfigurationList section */
		B6E88B2217574F1800023621 /* Build configuration list for PBXProject "PEM" */ = {
			isa = XCConfigurationList;
			buildConfigurations = (
				B6E88B4817574F1800023621 /* Debug */,
				B6E88B4917574F1800023621 /* Release */,
			);
			defaultConfigurationIsVisible = 0;
			defaultConfigurationName = Release;
		};
		B6E88B4A17574F1800023621 /* Build configuration list for PBXNativeTarget "PEM" */ = {
			isa = XCConfigurationList;
			buildConfigurations = (
				B6E88B4B17574F1800023621 /* Debug */,
				B6E88B4C17574F1800023621 /* Release */,
			);
			defaultConfigurationIsVisible = 0;
			defaultConfigurationName = Release;
		};
		B6E88B741757513700023621 /* Build configuration list for PBXNativeTarget "FPPopover" */ = {
			isa = XCConfigurationList;
			buildConfigurations = (
				B6E88B751757513700023621 /* Debug */,
				B6E88B761757513700023621 /* Release */,
			);
			defaultConfigurationIsVisible = 0;
			defaultConfigurationName = Release;
		};
/* End XCConfigurationList section */
	};
	rootObject = B6E88B1F17574F1800023621 /* Project object */;
}
